github.com/mattn/go-sqlite3 v1.14.22 h1:2gZY6PC6kBnID23Tichd1K+Z0oS6nE/XwU+Vz/5o4kU=
github.com/mattn/go-sqlite3 v1.14.22/go.mod h1:Uh1q+B4BYcTPb+yiD3kU8Ct7aC0hY9fxUwlHK0RXw+Y=
github.com/sqlc-dev/sqlc v1.29.0 h1:HQctoD7y/i29Bao53qXO7CZ/BV9NcvpGpsJWvz9nKWs=
github.com/sqlc-dev/sqlc v1.29.0/go.mod h1:BavmYw11px5AdPOjAVHmb9fctP5A8GTziC38wBF9tp0=
